
Microsoft Visual Studio Solution File, Format Version 12.00
# Visual Studio Version 16
VisualStudioVersion = 16.0.30621.155
MinimumVisualStudioVersion = 10.0.40219.1
Project("{9A19103F-16F7-4668-BE54-9A1E7A4F7556}") = "MyGameIO.Business", "src\MyGameIO.Business\MyGameIO.Business.csproj", "{C72ADDBF-6618-40E4-915A-8FF55553EECC}"
EndProject
Project("{9A19103F-16F7-4668-BE54-9A1E7A4F7556}") = "MyGameIO.Data", "src\MyGameIO.Data\MyGameIO.Data.csproj", "{46D90099-13FA-416E-B7B2-4B668CE9858E}"
EndProject
Project("{9A19103F-16F7-4668-BE54-9A1E7A4F7556}") = "MyGameIO.Api", "src\MyGameIO.Api\MyGameIO.Api.csproj", "{A131B913-3B6D-4CC2-9906-1FD0D94E0D42}"
EndProject
Project("{FAE04EC0-301F-11D3-BF4B-00C04F79EFBC}") = "MyGameIO.Tests", "src\MyGameIO.Test\Tests\MyGameIO.Tests.csproj", "{31F8F1F4-D350-449D-B2AA-D9A4B9B8EA8B}"
EndProject
Global
	GlobalSection(SolutionConfigurationPlatforms) = preSolution
		Debug|Any CPU = Debug|Any CPU
		Release|Any CPU = Release|Any CPU
	EndGlobalSection
	GlobalSection(ProjectConfigurationPlatforms) = postSolution
		{C72ADDBF-6618-40E4-915A-8FF55553EECC}.Debug|Any CPU.ActiveCfg = Debug|Any CPU
		{C72ADDBF-6618-40E4-915A-8FF55553EECC}.Debug|Any CPU.Build.0 = Debug|Any CPU
		{C72ADDBF-6618-40E4-915A-8FF55553EECC}.Release|Any CPU.ActiveCfg = Release|Any CPU
		{C72ADDBF-6618-40E4-915A-8FF55553EECC}.Release|Any CPU.Build.0 = Release|Any CPU
		{46D90099-13FA-416E-B7B2-4B668CE9858E}.Debug|Any CPU.ActiveCfg = Debug|Any CPU
		{46D90099-13FA-416E-B7B2-4B668CE9858E}.Debug|Any CPU.Build.0 = Debug|Any CPU
		{46D90099-13FA-416E-B7B2-4B668CE9858E}.Release|Any CPU.ActiveCfg = Release|Any CPU
		{46D90099-13FA-416E-B7B2-4B668CE9858E}.Release|Any CPU.Build.0 = Release|Any CPU
		{A131B913-3B6D-4CC2-9906-1FD0D94E0D42}.Debug|Any CPU.ActiveCfg = Debug|Any CPU
		{A131B913-3B6D-4CC2-9906-1FD0D94E0D42}.Debug|Any CPU.Build.0 = Debug|Any CPU
		{A131B913-3B6D-4CC2-9906-1FD0D94E0D42}.Release|Any CPU.ActiveCfg = Release|Any CPU
		{A131B913-3B6D-4CC2-9906-1FD0D94E0D42}.Release|Any CPU.Build.0 = Release|Any CPU
		{31F8F1F4-D350-449D-B2AA-D9A4B9B8EA8B}.Debug|Any CPU.ActiveCfg = Debug|Any CPU
		{31F8F1F4-D350-449D-B2AA-D9A4B9B8EA8B}.Debug|Any CPU.Build.0 = Debug|Any CPU
		{31F8F1F4-D350-449D-B2AA-D9A4B9B8EA8B}.Release|Any CPU.ActiveCfg = Release|Any CPU
		{31F8F1F4-D350-449D-B2AA-D9A4B9B8EA8B}.Release|Any CPU.Build.0 = Release|Any CPU
	EndGlobalSection
	GlobalSection(SolutionProperties) = preSolution
		HideSolutionNode = FALSE
	EndGlobalSection
	GlobalSection(ExtensibilityGlobals) = postSolution
		SolutionGuid = {D4E1F156-D8D0-4928-864C-057976A6C8D5}
	EndGlobalSection
EndGlobal
